
Microsoft Visual Studio Solution File, Format Version 12.00
# Visual Studio Version 16
VisualStudioVersion = 16.0.29009.5
MinimumVisualStudioVersion = 10.0.40219.1
Project("{8BC9CEB8-8B4A-11D0-8D11-00A0C91BC942}") = "MagicFM", "components\MagicFm\Source\MagicFMDLL.vcxproj", "{08F2A75F-9374-4112-89A5-334F9D9F0332}"
EndProject
Project("{2150E333-8FDC-42A3-9474-1A3956D46DE8}") = "Components", "Components", "{0C07D580-F684-4102-AB39-4CF5DC7F6F49}"
EndProject
Project("{8BC9CEB8-8B4A-11D0-8D11-00A0C91BC942}") = "xrCore", "xrCore\xrCore.vcxproj", "{A0F7D1FB-59A7-4717-A7E4-96F37E91998E}"
EndProject
Project("{8BC9CEB8-8B4A-11D0-8D11-00A0C91BC942}") = "xrCDB", "xrCDB\xrCDB.vcxproj", "{A19B1DF2-82EC-4364-8BDF-85D13A1C89B5}"
EndProject
Project("{8BC9CEB8-8B4A-11D0-8D11-00A0C91BC942}") = "xrQSlim", "xrQSlim\xrQSlim.vcxproj", "{F1836CE2-59EF-4189-8B9C-D103A511CB27}"
EndProject
Project("{8BC9CEB8-8B4A-11D0-8D11-00A0C91BC942}") = "DXT", "xrDXT\DXT.vcxproj", "{EBF9B543-0830-4866-9B48-DC0740E87E8A}"
EndProject
Project("{8BC9CEB8-8B4A-11D0-8D11-00A0C91BC942}") = "xrLC", "xrLC\xrLC.vcxproj", "{A4ABD75E-825B-4D09-B3B2-2709682E40C8}"
	ProjectSection(ProjectDependencies) = postProject
		{08F2A75F-9374-4112-89A5-334F9D9F0332} = {08F2A75F-9374-4112-89A5-334F9D9F0332}
	EndProjectSection
EndProject
Project("{8BC9CEB8-8B4A-11D0-8D11-00A0C91BC942}") = "xrDO_Light", "xrLC\xrDO_Light\xrDO_Light.vcxproj", "{B730F54D-1199-481A-AAD0-5DB684E067C0}"
EndProject
Global
	GlobalSection(SolutionConfigurationPlatforms) = preSolution
		Debug|x64 = Debug|x64
		Debug|x86 = Debug|x86
		Release|x64 = Release|x64
		Release|x86 = Release|x86
	EndGlobalSection
	GlobalSection(ProjectConfigurationPlatforms) = postSolution
		{08F2A75F-9374-4112-89A5-334F9D9F0332}.Debug|x64.ActiveCfg = Debug|x64
		{08F2A75F-9374-4112-89A5-334F9D9F0332}.Debug|x64.Build.0 = Debug|x64
		{08F2A75F-9374-4112-89A5-334F9D9F0332}.Debug|x86.ActiveCfg = Debug|Win32
		{08F2A75F-9374-4112-89A5-334F9D9F0332}.Debug|x86.Build.0 = Debug|Win32
		{08F2A75F-9374-4112-89A5-334F9D9F0332}.Release|x64.ActiveCfg = Release|x64
		{08F2A75F-9374-4112-89A5-334F9D9F0332}.Release|x64.Build.0 = Release|x64
		{08F2A75F-9374-4112-89A5-334F9D9F0332}.Release|x86.ActiveCfg = Release|Win32
		{08F2A75F-9374-4112-89A5-334F9D9F0332}.Release|x86.Build.0 = Release|Win32
		{A0F7D1FB-59A7-4717-A7E4-96F37E91998E}.Debug|x64.ActiveCfg = Debug|x64
		{A0F7D1FB-59A7-4717-A7E4-96F37E91998E}.Debug|x64.Build.0 = Debug|x64
		{A0F7D1FB-59A7-4717-A7E4-96F37E91998E}.Debug|x86.ActiveCfg = Debug|Win32
		{A0F7D1FB-59A7-4717-A7E4-96F37E91998E}.Debug|x86.Build.0 = Debug|Win32
		{A0F7D1FB-59A7-4717-A7E4-96F37E91998E}.Release|x64.ActiveCfg = Release|x64
		{A0F7D1FB-59A7-4717-A7E4-96F37E91998E}.Release|x64.Build.0 = Release|x64
		{A0F7D1FB-59A7-4717-A7E4-96F37E91998E}.Release|x86.ActiveCfg = Release|Win32
		{A0F7D1FB-59A7-4717-A7E4-96F37E91998E}.Release|x86.Build.0 = Release|Win32
		{A19B1DF2-82EC-4364-8BDF-85D13A1C89B5}.Debug|x64.ActiveCfg = Debug|x64
		{A19B1DF2-82EC-4364-8BDF-85D13A1C89B5}.Debug|x64.Build.0 = Debug|x64
		{A19B1DF2-82EC-4364-8BDF-85D13A1C89B5}.Debug|x86.ActiveCfg = Debug|Win32
		{A19B1DF2-82EC-4364-8BDF-85D13A1C89B5}.Debug|x86.Build.0 = Debug|Win32
		{A19B1DF2-82EC-4364-8BDF-85D13A1C89B5}.Release|x64.ActiveCfg = Release|x64
		{A19B1DF2-82EC-4364-8BDF-85D13A1C89B5}.Release|x64.Build.0 = Release|x64
		{A19B1DF2-82EC-4364-8BDF-85D13A1C89B5}.Release|x86.ActiveCfg = Release|Win32
		{A19B1DF2-82EC-4364-8BDF-85D13A1C89B5}.Release|x86.Build.0 = Release|Win32
		{F1836CE2-59EF-4189-8B9C-D103A511CB27}.Debug|x64.ActiveCfg = Debug|x64
		{F1836CE2-59EF-4189-8B9C-D103A511CB27}.Debug|x64.Build.0 = Debug|x64
		{F1836CE2-59EF-4189-8B9C-D103A511CB27}.Debug|x86.ActiveCfg = Debug|Win32
		{F1836CE2-59EF-4189-8B9C-D103A511CB27}.Debug|x86.Build.0 = Debug|Win32
		{F1836CE2-59EF-4189-8B9C-D103A511CB27}.Release|x64.ActiveCfg = Release|x64
		{F1836CE2-59EF-4189-8B9C-D103A511CB27}.Release|x64.Build.0 = Release|x64
		{F1836CE2-59EF-4189-8B9C-D103A511CB27}.Release|x86.ActiveCfg = Release|Win32
		{F1836CE2-59EF-4189-8B9C-D103A511CB27}.Release|x86.Build.0 = Release|Win32
		{EBF9B543-0830-4866-9B48-DC0740E87E8A}.Debug|x64.ActiveCfg = Debug|x64
		{EBF9B543-0830-4866-9B48-DC0740E87E8A}.Debug|x64.Build.0 = Debug|x64
		{EBF9B543-0830-4866-9B48-DC0740E87E8A}.Debug|x86.ActiveCfg = Debug|Win32
		{EBF9B543-0830-4866-9B48-DC0740E87E8A}.Debug|x86.Build.0 = Debug|Win32
		{EBF9B543-0830-4866-9B48-DC0740E87E8A}.Release|x64.ActiveCfg = Release|x64
		{EBF9B543-0830-4866-9B48-DC0740E87E8A}.Release|x64.Build.0 = Release|x64
		{EBF9B543-0830-4866-9B48-DC0740E87E8A}.Release|x86.ActiveCfg = Release|Win32
		{EBF9B543-0830-4866-9B48-DC0740E87E8A}.Release|x86.Build.0 = Release|Win32
		{A4ABD75E-825B-4D09-B3B2-2709682E40C8}.Debug|x64.ActiveCfg = Debug|Win32
		{A4ABD75E-825B-4D09-B3B2-2709682E40C8}.Debug|x86.ActiveCfg = Debug|Win32
		{A4ABD75E-825B-4D09-B3B2-2709682E40C8}.Debug|x86.Build.0 = Debug|Win32
		{A4ABD75E-825B-4D09-B3B2-2709682E40C8}.Release|x64.ActiveCfg = Release|x64
		{A4ABD75E-825B-4D09-B3B2-2709682E40C8}.Release|x64.Build.0 = Release|x64
		{A4ABD75E-825B-4D09-B3B2-2709682E40C8}.Release|x86.ActiveCfg = Release|Win32
		{A4ABD75E-825B-4D09-B3B2-2709682E40C8}.Release|x86.Build.0 = Release|Win32
		{B730F54D-1199-481A-AAD0-5DB684E067C0}.Debug|x64.ActiveCfg = Debug|x64
		{B730F54D-1199-481A-AAD0-5DB684E067C0}.Debug|x64.Build.0 = Debug|x64
		{B730F54D-1199-481A-AAD0-5DB684E067C0}.Debug|x86.ActiveCfg = Debug|Win32
		{B730F54D-1199-481A-AAD0-5DB684E067C0}.Debug|x86.Build.0 = Debug|Win32
		{B730F54D-1199-481A-AAD0-5DB684E067C0}.Release|x64.ActiveCfg = Release|x64
		{B730F54D-1199-481A-AAD0-5DB684E067C0}.Release|x64.Build.0 = Release|x64
		{B730F54D-1199-481A-AAD0-5DB684E067C0}.Release|x86.ActiveCfg = Release|Win32
		{B730F54D-1199-481A-AAD0-5DB684E067C0}.Release|x86.Build.0 = Release|Win32
	EndGlobalSection
	GlobalSection(SolutionProperties) = preSolution
		HideSolutionNode = FALSE
	EndGlobalSection
	GlobalSection(NestedProjects) = preSolution
		{08F2A75F-9374-4112-89A5-334F9D9F0332} = {0C07D580-F684-4102-AB39-4CF5DC7F6F49}
	EndGlobalSection
	GlobalSection(ExtensibilityGlobals) = postSolution
		SolutionGuid = {FEF16E1D-BBB5-4EAF-B226-5E0A6CD96195}
	EndGlobalSection
EndGlobal
