Microsoft Visual Studio Solution File, Format Version 12.00
# Visual Studio Version 16
VisualStudioVersion = 16.0.31129.286
MinimumVisualStudioVersion = 10.0.40219.1
Project("{2150E333-8FDC-42A3-9474-1A3956D46DE8}") = "utils", "utils", "{89F6A7EE-3BBE-45D3-A8A8-5D9366CD987B}"
EndProject
Project("{8BC9CEB8-8B4A-11D0-8D11-00A0C91BC942}") = "xrCore", "xrCore\xrCore.vcxproj", "{A0F7D1FB-59A7-4717-A7E4-96F37E91998E}"
EndProject
Project("{8BC9CEB8-8B4A-11D0-8D11-00A0C91BC942}") = "xrCDB", "xrCDB\xrCDB.vcxproj", "{A19B1DF2-82EC-4364-8BDF-85D13A1C89B5}"
EndProject
Project("{8BC9CEB8-8B4A-11D0-8D11-00A0C91BC942}") = "xrXMLParser", "xrXMLParser\xrXMLParser.vcxproj", "{94A1C366-3D19-48E6-8170-4ADC2E70DF98}"
EndProject
Project("{8BC9CEB8-8B4A-11D0-8D11-00A0C91BC942}") = "xrSE_Factory", "xrSE_Factory\xrSE_Factory.vcxproj", "{3AD26FD3-4F52-4E22-A4CF-AD4C49E74C61}"
	ProjectSection(ProjectDependencies) = postProject
		{94A1C366-3D19-48E6-8170-4ADC2E70DF98} = {94A1C366-3D19-48E6-8170-4ADC2E70DF98}
		{435BAC9A-B225-457D-AB40-C9BD0CC8838C} = {435BAC9A-B225-457D-AB40-C9BD0CC8838C}
	EndProjectSection
EndProject
Project("{8BC9CEB8-8B4A-11D0-8D11-00A0C91BC942}") = "xrAI", "xrAI\xrAI.vcxproj", "{EA5932F3-02FE-4AD3-89E8-7072DC465D25}"
EndProject
Project("{2150E333-8FDC-42A3-9474-1A3956D46DE8}") = "Lua", "Lua", "{EF293583-AFED-4761-A72D-04F8BF122434}"
EndProject
Project("{8BC9CEB8-8B4A-11D0-8D11-00A0C91BC942}") = "Luabind", "Luabind\Luabind.vcxproj", "{6FDBCDB3-D190-486D-BDAC-3C4AC527DA3B}"
	ProjectSection(ProjectDependencies) = postProject
		{A0F7D1FB-59A7-4717-A7E4-96F37E91998E} = {A0F7D1FB-59A7-4717-A7E4-96F37E91998E}
	EndProjectSection
EndProject
Project("{8BC9CEB8-8B4A-11D0-8D11-00A0C91BC942}") = "xrNetServer", "xrNetServer\xrNetServer.vcxproj", "{435BAC9A-B225-457D-AB40-C9BD0CC8838C}"
EndProject
Project("{8BC9CEB8-8B4A-11D0-8D11-00A0C91BC942}") = "LuaJIT", "LuaJIT\src\luajit.vcxproj", "{632AEEB6-DC06-4E15-9551-B2B09A4B73C5}"
EndProject
Global
	GlobalSection(SolutionConfigurationPlatforms) = preSolution
		Debug_Dedicated|Win32 = Debug_Dedicated|Win32
		Debug_Dedicated|x64 = Debug_Dedicated|x64
		Debug|Win32 = Debug|Win32
		Debug|x64 = Debug|x64
		Mixed_Dedicated|Win32 = Mixed_Dedicated|Win32
		Mixed_Dedicated|x64 = Mixed_Dedicated|x64
		Mixed|Win32 = Mixed|Win32
		Mixed|x64 = Mixed|x64
		Release_Dedicated|Win32 = Release_Dedicated|Win32
		Release_Dedicated|x64 = Release_Dedicated|x64
		Release|Win32 = Release|Win32
		Release|x64 = Release|x64
	EndGlobalSection
	GlobalSection(ProjectConfigurationPlatforms) = postSolution
		{A0F7D1FB-59A7-4717-A7E4-96F37E91998E}.Debug_Dedicated|Win32.ActiveCfg = Debug|Win32
		{A0F7D1FB-59A7-4717-A7E4-96F37E91998E}.Debug_Dedicated|x64.ActiveCfg = Debug|x64
		{A0F7D1FB-59A7-4717-A7E4-96F37E91998E}.Debug|Win32.ActiveCfg = Debug|Win32
		{A0F7D1FB-59A7-4717-A7E4-96F37E91998E}.Debug|Win32.Build.0 = Debug|Win32
		{A0F7D1FB-59A7-4717-A7E4-96F37E91998E}.Debug|Win32.Deploy.0 = Debug|Win32
		{A0F7D1FB-59A7-4717-A7E4-96F37E91998E}.Debug|x64.ActiveCfg = Debug|x64
		{A0F7D1FB-59A7-4717-A7E4-96F37E91998E}.Debug|x64.Build.0 = Debug|x64
		{A0F7D1FB-59A7-4717-A7E4-96F37E91998E}.Debug|x64.Deploy.0 = Debug|x64
		{A0F7D1FB-59A7-4717-A7E4-96F37E91998E}.Mixed_Dedicated|Win32.ActiveCfg = Mixed|Win32
		{A0F7D1FB-59A7-4717-A7E4-96F37E91998E}.Mixed_Dedicated|x64.ActiveCfg = Mixed|x64
		{A0F7D1FB-59A7-4717-A7E4-96F37E91998E}.Mixed_Dedicated|x64.Build.0 = Mixed|x64
		{A0F7D1FB-59A7-4717-A7E4-96F37E91998E}.Mixed|Win32.ActiveCfg = Mixed|Win32
		{A0F7D1FB-59A7-4717-A7E4-96F37E91998E}.Mixed|Win32.Build.0 = Mixed|Win32
		{A0F7D1FB-59A7-4717-A7E4-96F37E91998E}.Mixed|x64.ActiveCfg = Mixed|x64
		{A0F7D1FB-59A7-4717-A7E4-96F37E91998E}.Mixed|x64.Build.0 = Mixed|x64
		{A0F7D1FB-59A7-4717-A7E4-96F37E91998E}.Release_Dedicated|Win32.ActiveCfg = Release|Win32
		{A0F7D1FB-59A7-4717-A7E4-96F37E91998E}.Release_Dedicated|x64.ActiveCfg = Release|x64
		{A0F7D1FB-59A7-4717-A7E4-96F37E91998E}.Release|Win32.ActiveCfg = Release|Win32
		{A0F7D1FB-59A7-4717-A7E4-96F37E91998E}.Release|Win32.Build.0 = Release|Win32
		{A0F7D1FB-59A7-4717-A7E4-96F37E91998E}.Release|x64.ActiveCfg = Release|x64
		{A0F7D1FB-59A7-4717-A7E4-96F37E91998E}.Release|x64.Build.0 = Release|x64
		{A19B1DF2-82EC-4364-8BDF-85D13A1C89B5}.Debug_Dedicated|Win32.ActiveCfg = Debug|Win32
		{A19B1DF2-82EC-4364-8BDF-85D13A1C89B5}.Debug_Dedicated|x64.ActiveCfg = Debug|x64
		{A19B1DF2-82EC-4364-8BDF-85D13A1C89B5}.Debug|Win32.ActiveCfg = Debug|Win32
		{A19B1DF2-82EC-4364-8BDF-85D13A1C89B5}.Debug|Win32.Build.0 = Debug|Win32
		{A19B1DF2-82EC-4364-8BDF-85D13A1C89B5}.Debug|x64.ActiveCfg = Debug|x64
		{A19B1DF2-82EC-4364-8BDF-85D13A1C89B5}.Debug|x64.Build.0 = Debug|x64
		{A19B1DF2-82EC-4364-8BDF-85D13A1C89B5}.Mixed_Dedicated|Win32.ActiveCfg = Mixed|Win32
		{A19B1DF2-82EC-4364-8BDF-85D13A1C89B5}.Mixed_Dedicated|x64.ActiveCfg = Mixed|x64
		{A19B1DF2-82EC-4364-8BDF-85D13A1C89B5}.Mixed_Dedicated|x64.Build.0 = Mixed|x64
		{A19B1DF2-82EC-4364-8BDF-85D13A1C89B5}.Mixed|Win32.ActiveCfg = Mixed|Win32
		{A19B1DF2-82EC-4364-8BDF-85D13A1C89B5}.Mixed|Win32.Build.0 = Mixed|Win32
		{A19B1DF2-82EC-4364-8BDF-85D13A1C89B5}.Mixed|x64.ActiveCfg = Mixed|x64
		{A19B1DF2-82EC-4364-8BDF-85D13A1C89B5}.Mixed|x64.Build.0 = Mixed|x64
		{A19B1DF2-82EC-4364-8BDF-85D13A1C89B5}.Release_Dedicated|Win32.ActiveCfg = Release|Win32
		{A19B1DF2-82EC-4364-8BDF-85D13A1C89B5}.Release_Dedicated|x64.ActiveCfg = Release|x64
		{A19B1DF2-82EC-4364-8BDF-85D13A1C89B5}.Release|Win32.ActiveCfg = Release|Win32
		{A19B1DF2-82EC-4364-8BDF-85D13A1C89B5}.Release|Win32.Build.0 = Release|Win32
		{A19B1DF2-82EC-4364-8BDF-85D13A1C89B5}.Release|x64.ActiveCfg = Release|x64
		{A19B1DF2-82EC-4364-8BDF-85D13A1C89B5}.Release|x64.Build.0 = Release|x64
		{94A1C366-3D19-48E6-8170-4ADC2E70DF98}.Debug_Dedicated|Win32.ActiveCfg = Debug|Win32
		{94A1C366-3D19-48E6-8170-4ADC2E70DF98}.Debug_Dedicated|x64.ActiveCfg = Debug|x64
		{94A1C366-3D19-48E6-8170-4ADC2E70DF98}.Debug|Win32.ActiveCfg = Debug|Win32
		{94A1C366-3D19-48E6-8170-4ADC2E70DF98}.Debug|Win32.Build.0 = Debug|Win32
		{94A1C366-3D19-48E6-8170-4ADC2E70DF98}.Debug|x64.ActiveCfg = Debug|x64
		{94A1C366-3D19-48E6-8170-4ADC2E70DF98}.Debug|x64.Build.0 = Debug|x64
		{94A1C366-3D19-48E6-8170-4ADC2E70DF98}.Mixed_Dedicated|Win32.ActiveCfg = Mixed|Win32
		{94A1C366-3D19-48E6-8170-4ADC2E70DF98}.Mixed_Dedicated|x64.ActiveCfg = Mixed|x64
		{94A1C366-3D19-48E6-8170-4ADC2E70DF98}.Mixed_Dedicated|x64.Build.0 = Mixed|x64
		{94A1C366-3D19-48E6-8170-4ADC2E70DF98}.Mixed|Win32.ActiveCfg = Mixed|Win32
		{94A1C366-3D19-48E6-8170-4ADC2E70DF98}.Mixed|Win32.Build.0 = Mixed|Win32
		{94A1C366-3D19-48E6-8170-4ADC2E70DF98}.Mixed|x64.ActiveCfg = Mixed|x64
		{94A1C366-3D19-48E6-8170-4ADC2E70DF98}.Mixed|x64.Build.0 = Mixed|x64
		{94A1C366-3D19-48E6-8170-4ADC2E70DF98}.Release_Dedicated|Win32.ActiveCfg = Release|Win32
		{94A1C366-3D19-48E6-8170-4ADC2E70DF98}.Release_Dedicated|x64.ActiveCfg = Release|x64
		{94A1C366-3D19-48E6-8170-4ADC2E70DF98}.Release|Win32.ActiveCfg = Release|Win32
		{94A1C366-3D19-48E6-8170-4ADC2E70DF98}.Release|Win32.Build.0 = Release|Win32
		{94A1C366-3D19-48E6-8170-4ADC2E70DF98}.Release|x64.ActiveCfg = Release|x64
		{3AD26FD3-4F52-4E22-A4CF-AD4C49E74C61}.Debug_Dedicated|Win32.ActiveCfg = Debug|Win32
		{3AD26FD3-4F52-4E22-A4CF-AD4C49E74C61}.Debug_Dedicated|x64.ActiveCfg = Debug|x64
		{3AD26FD3-4F52-4E22-A4CF-AD4C49E74C61}.Debug|Win32.ActiveCfg = Debug|Win32
		{3AD26FD3-4F52-4E22-A4CF-AD4C49E74C61}.Debug|x64.ActiveCfg = Debug|x64
		{3AD26FD3-4F52-4E22-A4CF-AD4C49E74C61}.Debug|x64.Build.0 = Debug|x64
		{3AD26FD3-4F52-4E22-A4CF-AD4C49E74C61}.Mixed_Dedicated|Win32.ActiveCfg = Mixed|Win32
		{3AD26FD3-4F52-4E22-A4CF-AD4C49E74C61}.Mixed_Dedicated|x64.ActiveCfg = Mixed|x64
		{3AD26FD3-4F52-4E22-A4CF-AD4C49E74C61}.Mixed_Dedicated|x64.Build.0 = Mixed|x64
		{3AD26FD3-4F52-4E22-A4CF-AD4C49E74C61}.Mixed|Win32.ActiveCfg = Mixed|Win32
		{3AD26FD3-4F52-4E22-A4CF-AD4C49E74C61}.Mixed|Win32.Build.0 = Mixed|Win32
		{3AD26FD3-4F52-4E22-A4CF-AD4C49E74C61}.Mixed|x64.ActiveCfg = Mixed|x64
		{3AD26FD3-4F52-4E22-A4CF-AD4C49E74C61}.Release_Dedicated|Win32.ActiveCfg = Release|Win32
		{3AD26FD3-4F52-4E22-A4CF-AD4C49E74C61}.Release_Dedicated|x64.ActiveCfg = Release|x64
		{3AD26FD3-4F52-4E22-A4CF-AD4C49E74C61}.Release|Win32.ActiveCfg = Release|Win32
		{3AD26FD3-4F52-4E22-A4CF-AD4C49E74C61}.Release|Win32.Build.0 = Release|Win32
		{3AD26FD3-4F52-4E22-A4CF-AD4C49E74C61}.Release|x64.ActiveCfg = Release|x64
		{EA5932F3-02FE-4AD3-89E8-7072DC465D25}.Debug_Dedicated|Win32.ActiveCfg = Debug|Win32
		{EA5932F3-02FE-4AD3-89E8-7072DC465D25}.Debug_Dedicated|x64.ActiveCfg = Debug|x64
		{EA5932F3-02FE-4AD3-89E8-7072DC465D25}.Debug|Win32.ActiveCfg = Debug|Win32
		{EA5932F3-02FE-4AD3-89E8-7072DC465D25}.Debug|x64.ActiveCfg = Debug|x64
		{EA5932F3-02FE-4AD3-89E8-7072DC465D25}.Debug|x64.Build.0 = Debug|x64
		{EA5932F3-02FE-4AD3-89E8-7072DC465D25}.Debug|x64.Deploy.0 = Debug|x64
		{EA5932F3-02FE-4AD3-89E8-7072DC465D25}.Mixed_Dedicated|Win32.ActiveCfg = Mixed|Win32
		{EA5932F3-02FE-4AD3-89E8-7072DC465D25}.Mixed_Dedicated|x64.ActiveCfg = Mixed|x64
		{EA5932F3-02FE-4AD3-89E8-7072DC465D25}.Mixed_Dedicated|x64.Build.0 = Mixed|x64
		{EA5932F3-02FE-4AD3-89E8-7072DC465D25}.Mixed|Win32.ActiveCfg = Mixed|Win32
		{EA5932F3-02FE-4AD3-89E8-7072DC465D25}.Mixed|Win32.Build.0 = Mixed|Win32
		{EA5932F3-02FE-4AD3-89E8-7072DC465D25}.Mixed|x64.ActiveCfg = Mixed|x64
		{EA5932F3-02FE-4AD3-89E8-7072DC465D25}.Release_Dedicated|Win32.ActiveCfg = Release|Win32
		{EA5932F3-02FE-4AD3-89E8-7072DC465D25}.Release_Dedicated|x64.ActiveCfg = Release|x64
		{EA5932F3-02FE-4AD3-89E8-7072DC465D25}.Release|Win32.ActiveCfg = Release|Win32
		{EA5932F3-02FE-4AD3-89E8-7072DC465D25}.Release|Win32.Build.0 = Release|Win32
		{EA5932F3-02FE-4AD3-89E8-7072DC465D25}.Release|x64.ActiveCfg = Release|x64
		{6FDBCDB3-D190-486D-BDAC-3C4AC527DA3B}.Debug_Dedicated|Win32.ActiveCfg = Debug|Win32
		{6FDBCDB3-D190-486D-BDAC-3C4AC527DA3B}.Debug_Dedicated|x64.ActiveCfg = Release|Win32
		{6FDBCDB3-D190-486D-BDAC-3C4AC527DA3B}.Debug|Win32.ActiveCfg = Debug|Win32
		{6FDBCDB3-D190-486D-BDAC-3C4AC527DA3B}.Debug|Win32.Build.0 = Debug|Win32
		{6FDBCDB3-D190-486D-BDAC-3C4AC527DA3B}.Debug|x64.ActiveCfg = Debug|Win32
		{6FDBCDB3-D190-486D-BDAC-3C4AC527DA3B}.Mixed_Dedicated|Win32.ActiveCfg = Release|Win32
		{6FDBCDB3-D190-486D-BDAC-3C4AC527DA3B}.Mixed_Dedicated|Win32.Build.0 = Release|Win32
		{6FDBCDB3-D190-486D-BDAC-3C4AC527DA3B}.Mixed_Dedicated|x64.ActiveCfg = Release|Win32
		{6FDBCDB3-D190-486D-BDAC-3C4AC527DA3B}.Mixed|Win32.ActiveCfg = Release|Win32
		{6FDBCDB3-D190-486D-BDAC-3C4AC527DA3B}.Mixed|Win32.Build.0 = Release|Win32
		{6FDBCDB3-D190-486D-BDAC-3C4AC527DA3B}.Mixed|x64.ActiveCfg = Release|Win32
		{6FDBCDB3-D190-486D-BDAC-3C4AC527DA3B}.Release_Dedicated|Win32.ActiveCfg = Release|Win32
		{6FDBCDB3-D190-486D-BDAC-3C4AC527DA3B}.Release_Dedicated|x64.ActiveCfg = Release|Win32
		{6FDBCDB3-D190-486D-BDAC-3C4AC527DA3B}.Release|Win32.ActiveCfg = Release|Win32
		{6FDBCDB3-D190-486D-BDAC-3C4AC527DA3B}.Release|Win32.Build.0 = Release|Win32
		{6FDBCDB3-D190-486D-BDAC-3C4AC527DA3B}.Release|x64.ActiveCfg = Release|x64
		{435BAC9A-B225-457D-AB40-C9BD0CC8838C}.Debug_Dedicated|Win32.ActiveCfg = Debug|Win32
		{435BAC9A-B225-457D-AB40-C9BD0CC8838C}.Debug_Dedicated|Win32.Build.0 = Debug|Win32
		{435BAC9A-B225-457D-AB40-C9BD0CC8838C}.Debug_Dedicated|x64.ActiveCfg = Debug|x64
		{435BAC9A-B225-457D-AB40-C9BD0CC8838C}.Debug_Dedicated|x64.Build.0 = Debug|x64
		{435BAC9A-B225-457D-AB40-C9BD0CC8838C}.Debug|Win32.ActiveCfg = Debug|Win32
		{435BAC9A-B225-457D-AB40-C9BD0CC8838C}.Debug|Win32.Build.0 = Debug|Win32
		{435BAC9A-B225-457D-AB40-C9BD0CC8838C}.Debug|x64.ActiveCfg = Debug|x64
		{435BAC9A-B225-457D-AB40-C9BD0CC8838C}.Debug|x64.Build.0 = Debug|x64
		{435BAC9A-B225-457D-AB40-C9BD0CC8838C}.Mixed_Dedicated|Win32.ActiveCfg = Mixed|Win32
		{435BAC9A-B225-457D-AB40-C9BD0CC8838C}.Mixed_Dedicated|Win32.Build.0 = Mixed|Win32
		{435BAC9A-B225-457D-AB40-C9BD0CC8838C}.Mixed_Dedicated|x64.ActiveCfg = Mixed|x64
		{435BAC9A-B225-457D-AB40-C9BD0CC8838C}.Mixed_Dedicated|x64.Build.0 = Mixed|x64
		{435BAC9A-B225-457D-AB40-C9BD0CC8838C}.Mixed|Win32.ActiveCfg = Mixed|Win32
		{435BAC9A-B225-457D-AB40-C9BD0CC8838C}.Mixed|Win32.Build.0 = Mixed|Win32
		{435BAC9A-B225-457D-AB40-C9BD0CC8838C}.Mixed|x64.ActiveCfg = Mixed|x64
		{435BAC9A-B225-457D-AB40-C9BD0CC8838C}.Mixed|x64.Build.0 = Mixed|x64
		{435BAC9A-B225-457D-AB40-C9BD0CC8838C}.Release_Dedicated|Win32.ActiveCfg = Release|Win32
		{435BAC9A-B225-457D-AB40-C9BD0CC8838C}.Release_Dedicated|Win32.Build.0 = Release|Win32
		{435BAC9A-B225-457D-AB40-C9BD0CC8838C}.Release_Dedicated|x64.ActiveCfg = Release|x64
		{435BAC9A-B225-457D-AB40-C9BD0CC8838C}.Release_Dedicated|x64.Build.0 = Release|x64
		{435BAC9A-B225-457D-AB40-C9BD0CC8838C}.Release|Win32.ActiveCfg = Release|Win32
		{435BAC9A-B225-457D-AB40-C9BD0CC8838C}.Release|Win32.Build.0 = Release|Win32
		{435BAC9A-B225-457D-AB40-C9BD0CC8838C}.Release|x64.ActiveCfg = Release|x64
		{435BAC9A-B225-457D-AB40-C9BD0CC8838C}.Release|x64.Build.0 = Release|x64
		{632AEEB6-DC06-4E15-9551-B2B09A4B73C5}.Debug_Dedicated|Win32.ActiveCfg = Release|Win32
		{632AEEB6-DC06-4E15-9551-B2B09A4B73C5}.Debug_Dedicated|Win32.Build.0 = Release|Win32
		{632AEEB6-DC06-4E15-9551-B2B09A4B73C5}.Debug_Dedicated|x64.ActiveCfg = Release|x64
		{632AEEB6-DC06-4E15-9551-B2B09A4B73C5}.Debug_Dedicated|x64.Build.0 = Release|x64
		{632AEEB6-DC06-4E15-9551-B2B09A4B73C5}.Debug|Win32.ActiveCfg = Release|Win32
		{632AEEB6-DC06-4E15-9551-B2B09A4B73C5}.Debug|Win32.Build.0 = Release|Win32
		{632AEEB6-DC06-4E15-9551-B2B09A4B73C5}.Debug|x64.ActiveCfg = Release|x64
		{632AEEB6-DC06-4E15-9551-B2B09A4B73C5}.Debug|x64.Build.0 = Release|x64
		{632AEEB6-DC06-4E15-9551-B2B09A4B73C5}.Mixed_Dedicated|Win32.ActiveCfg = Release|Win32
		{632AEEB6-DC06-4E15-9551-B2B09A4B73C5}.Mixed_Dedicated|Win32.Build.0 = Release|Win32
		{632AEEB6-DC06-4E15-9551-B2B09A4B73C5}.Mixed_Dedicated|x64.ActiveCfg = Release|x64
		{632AEEB6-DC06-4E15-9551-B2B09A4B73C5}.Mixed_Dedicated|x64.Build.0 = Release|x64
		{632AEEB6-DC06-4E15-9551-B2B09A4B73C5}.Mixed|Win32.ActiveCfg = Release|Win32
		{632AEEB6-DC06-4E15-9551-B2B09A4B73C5}.Mixed|Win32.Build.0 = Release|Win32
		{632AEEB6-DC06-4E15-9551-B2B09A4B73C5}.Mixed|x64.ActiveCfg = Release|x64
		{632AEEB6-DC06-4E15-9551-B2B09A4B73C5}.Mixed|x64.Build.0 = Release|x64
		{632AEEB6-DC06-4E15-9551-B2B09A4B73C5}.Release_Dedicated|Win32.ActiveCfg = Release|Win32
		{632AEEB6-DC06-4E15-9551-B2B09A4B73C5}.Release_Dedicated|Win32.Build.0 = Release|Win32
		{632AEEB6-DC06-4E15-9551-B2B09A4B73C5}.Release_Dedicated|x64.ActiveCfg = Release|x64
		{632AEEB6-DC06-4E15-9551-B2B09A4B73C5}.Release_Dedicated|x64.Build.0 = Release|x64
		{632AEEB6-DC06-4E15-9551-B2B09A4B73C5}.Release|Win32.ActiveCfg = Release|Win32
		{632AEEB6-DC06-4E15-9551-B2B09A4B73C5}.Release|Win32.Build.0 = Release|Win32
		{632AEEB6-DC06-4E15-9551-B2B09A4B73C5}.Release|x64.ActiveCfg = Release|x64
		{632AEEB6-DC06-4E15-9551-B2B09A4B73C5}.Release|x64.Build.0 = Release|x64
	EndGlobalSection
	GlobalSection(SolutionProperties) = preSolution
		HideSolutionNode = FALSE
	EndGlobalSection
	GlobalSection(NestedProjects) = preSolution
		{3AD26FD3-4F52-4E22-A4CF-AD4C49E74C61} = {89F6A7EE-3BBE-45D3-A8A8-5D9366CD987B}
		{EA5932F3-02FE-4AD3-89E8-7072DC465D25} = {89F6A7EE-3BBE-45D3-A8A8-5D9366CD987B}
		{6FDBCDB3-D190-486D-BDAC-3C4AC527DA3B} = {EF293583-AFED-4761-A72D-04F8BF122434}
		{632AEEB6-DC06-4E15-9551-B2B09A4B73C5} = {EF293583-AFED-4761-A72D-04F8BF122434}
	EndGlobalSection
	GlobalSection(ExtensibilityGlobals) = postSolution
		SolutionGuid = {E52CA538-D532-4ED3-8127-CD34ACB2FB14}
	EndGlobalSection
	GlobalSection(DPCodeReviewSolutionGUID) = preSolution
		DPCodeReviewSolutionGUID = {00000000-0000-0000-0000-000000000000}
	EndGlobalSection
EndGlobal
