<?xml version="1.0" encoding="utf-8"?>
<Project ToolsVersion="4.0" xmlns="http://schemas.microsoft.com/developer/msbuild/2003">
  <ItemGroup>
    <Filter Include="Kernel">
      <UniqueIdentifier>{247c6724-0c12-46f7-8112-30ae4b90787f}</UniqueIdentifier>
    </Filter>
    <Filter Include="Opcode">
      <UniqueIdentifier>{979f373e-f969-4574-8273-0769b5bfce2d}</UniqueIdentifier>
    </Filter>
  </ItemGroup>
  <ItemGroup>
    <ClCompile Include="StdAfx.cpp">
      <Filter>Kernel</Filter>
    </ClCompile>
    <ClCompile Include="xrCDB.cpp">
      <Filter>Kernel</Filter>
    </ClCompile>
    <ClCompile Include="xrCDB_box.cpp">
      <Filter>Kernel</Filter>
    </ClCompile>
    <ClCompile Include="xrCDB_Collector.cpp">
      <Filter>Kernel</Filter>
    </ClCompile>
    <ClCompile Include="xrCDB_ray.cpp">
      <Filter>Kernel</Filter>
    </ClCompile>
    <ClCompile Include="OPC_AABB.cpp">
      <Filter>Opcode</Filter>
    </ClCompile>
    <ClCompile Include="OPC_AABBTree.cpp">
      <Filter>Opcode</Filter>
    </ClCompile>
    <ClCompile Include="OPC_Common.cpp">
      <Filter>Opcode</Filter>
    </ClCompile>
    <ClCompile Include="OPC_Container.cpp">
      <Filter>Opcode</Filter>
    </ClCompile>
    <ClCompile Include="OPC_Matrix3x3.cpp">
      <Filter>Opcode</Filter>
    </ClCompile>
    <ClCompile Include="OPC_Matrix4x4.cpp">
      <Filter>Opcode</Filter>
    </ClCompile>
    <ClCompile Include="OPC_Model.cpp">
      <Filter>Opcode</Filter>
    </ClCompile>
    <ClCompile Include="OPC_OBB.cpp">
      <Filter>Opcode</Filter>
    </ClCompile>
    <ClCompile Include="OPC_OptimizedTree.cpp">
      <Filter>Opcode</Filter>
    </ClCompile>
    <ClCompile Include="OPC_Plane.cpp">
      <Filter>Opcode</Filter>
    </ClCompile>
    <ClCompile Include="OPC_Point.cpp">
      <Filter>Opcode</Filter>
    </ClCompile>
    <ClCompile Include="OPC_Ray.cpp">
      <Filter>Opcode</Filter>
    </ClCompile>
    <ClCompile Include="OPC_TreeBuilders.cpp">
      <Filter>Opcode</Filter>
    </ClCompile>
    <ClCompile Include="OPC_Triangle.cpp">
      <Filter>Opcode</Filter>
    </ClCompile>
    <ClCompile Include="Opcode.cpp">
      <Filter>Opcode</Filter>
    </ClCompile>
  </ItemGroup>
  <ItemGroup>
    <ClInclude Include="StdAfx.h">
      <Filter>Kernel</Filter>
    </ClInclude>
    <ClInclude Include="xrCDB.h">
      <Filter>Kernel</Filter>
    </ClInclude>
    <ClInclude Include="OPC_AABB.h">
      <Filter>Opcode</Filter>
    </ClInclude>
    <ClInclude Include="OPC_AABBTree.h">
      <Filter>Opcode</Filter>
    </ClInclude>
    <ClInclude Include="OPC_BVTCache.h">
      <Filter>Opcode</Filter>
    </ClInclude>
    <ClInclude Include="OPC_Common.h">
      <Filter>Opcode</Filter>
    </ClInclude>
    <ClInclude Include="OPC_Container.h">
      <Filter>Opcode</Filter>
    </ClInclude>
    <ClInclude Include="OPC_FPU.h">
      <Filter>Opcode</Filter>
    </ClInclude>
    <ClInclude Include="OPC_Matrix3x3.h">
      <Filter>Opcode</Filter>
    </ClInclude>
    <ClInclude Include="OPC_Matrix4x4.h">
      <Filter>Opcode</Filter>
    </ClInclude>
    <ClInclude Include="OPC_MemoryMacros.h">
      <Filter>Opcode</Filter>
    </ClInclude>
    <ClInclude Include="OPC_Model.h">
      <Filter>Opcode</Filter>
    </ClInclude>
    <ClInclude Include="OPC_OBB.h">
      <Filter>Opcode</Filter>
    </ClInclude>
    <ClInclude Include="OPC_OptimizedTree.h">
      <Filter>Opcode</Filter>
    </ClInclude>
    <ClInclude Include="OPC_Plane.h">
      <Filter>Opcode</Filter>
    </ClInclude>
    <ClInclude Include="OPC_Point.h">
      <Filter>Opcode</Filter>
    </ClInclude>
    <ClInclude Include="OPC_Preprocessor.h">
      <Filter>Opcode</Filter>
    </ClInclude>
    <ClInclude Include="OPC_Ray.h">
      <Filter>Opcode</Filter>
    </ClInclude>
    <ClInclude Include="OPC_Settings.h">
      <Filter>Opcode</Filter>
    </ClInclude>
    <ClInclude Include="OPC_TreeBuilders.h">
      <Filter>Opcode</Filter>
    </ClInclude>
    <ClInclude Include="OPC_Triangle.h">
      <Filter>Opcode</Filter>
    </ClInclude>
    <ClInclude Include="OPC_Types.h">
      <Filter>Opcode</Filter>
    </ClInclude>
    <ClInclude Include="Opcode.h">
      <Filter>Opcode</Filter>
    </ClInclude>
  </ItemGroup>
  <ItemGroup>
    <None Include="ReadMe.txt">
      <Filter>Opcode</Filter>
    </None>
  </ItemGroup>
</Project>